// !$*UTF8*$!
{
	archiveVersion = 1;
	classes = {
	};
	objectVersion = 56;
	objects = {

/* Begin PBXBuildFile section */
		884B12E02931E8FE002A7BDB /* TechCurationAppApp.swift in Sources */ = {isa = PBXBuildFile; fileRef = 884B12DF2931E8FE002A7BDB /* TechCurationAppApp.swift */; };
		884B12E22931E8FE002A7BDB /* ContentView.swift in Sources */ = {isa = PBXBuildFile; fileRef = 884B12E12931E8FE002A7BDB /* ContentView.swift */; };
		884B12E42931E8FF002A7BDB /* Assets.xcassets in Resources */ = {isa = PBXBuildFile; fileRef = 884B12E32931E8FF002A7BDB /* Assets.xcassets */; };
		884B12E72931E8FF002A7BDB /* Preview Assets.xcassets in Resources */ = {isa = PBXBuildFile; fileRef = 884B12E62931E8FF002A7BDB /* Preview Assets.xcassets */; };
		884B12EE2931F969002A7BDB /* Settings.bundle in Resources */ = {isa = PBXBuildFile; fileRef = 884B12ED2931F969002A7BDB /* Settings.bundle */; };
		FE31E160B11C9E99BAB516C7 /* Pods_TechCurationApp.framework in Frameworks */ = {isa = PBXBuildFile; fileRef = DC0B276C563B03D4B64C08B0 /* Pods_TechCurationApp.framework */; };
/* End PBXBuildFile section */

/* Begin PBXFileReference section */
		29A58FDC175B2B4F42C212EA /* Pods-TechCurationApp.release.xcconfig */ = {isa = PBXFileReference; includeInIndex = 1; lastKnownFileType = text.xcconfig; name = "Pods-TechCurationApp.release.xcconfig"; path = "Target Support Files/Pods-TechCurationApp/Pods-TechCurationApp.release.xcconfig"; sourceTree = "<group>"; };
		884B12DC2931E8FE002A7BDB /* TechCurationApp.app */ = {isa = PBXFileReference; explicitFileType = wrapper.application; includeInIndex = 0; path = TechCurationApp.app; sourceTree = BUILT_PRODUCTS_DIR; };
		884B12DF2931E8FE002A7BDB /* TechCurationAppApp.swift */ = {isa = PBXFileReference; lastKnownFileType = sourcecode.swift; path = TechCurationAppApp.swift; sourceTree = "<group>"; };
		884B12E12931E8FE002A7BDB /* ContentView.swift */ = {isa = PBXFileReference; lastKnownFileType = sourcecode.swift; path = ContentView.swift; sourceTree = "<group>"; };
		884B12E32931E8FF002A7BDB /* Assets.xcassets */ = {isa = PBXFileReference; lastKnownFileType = folder.assetcatalog; path = Assets.xcassets; sourceTree = "<group>"; };
		884B12E62931E8FF002A7BDB /* Preview Assets.xcassets */ = {isa = PBXFileReference; lastKnownFileType = folder.assetcatalog; path = "Preview Assets.xcassets"; sourceTree = "<group>"; };
		884B12ED2931F969002A7BDB /* Settings.bundle */ = {isa = PBXFileReference; lastKnownFileType = "wrapper.plug-in"; path = Settings.bundle; sourceTree = "<group>"; };
		CBB7A0DA31115AA5BAA00C33 /* Pods-TechCurationApp.debug.xcconfig */ = {isa = PBXFileReference; includeInIndex = 1; lastKnownFileType = text.xcconfig; name = "Pods-TechCurationApp.debug.xcconfig"; path = "Target Support Files/Pods-TechCurationApp/Pods-TechCurationApp.debug.xcconfig"; sourceTree = "<group>"; };
		DC0B276C563B03D4B64C08B0 /* Pods_TechCurationApp.framework */ = {isa = PBXFileReference; explicitFileType = wrapper.framework; includeInIndex = 0; path = Pods_TechCurationApp.framework; sourceTree = BUILT_PRODUCTS_DIR; };
/* End PBXFileReference section */

/* Begin PBXFrameworksBuildPhase section */
		884B12D92931E8FE002A7BDB /* Frameworks */ = {
			isa = PBXFrameworksBuildPhase;
			buildActionMask = 2147483647;
			files = (
				FE31E160B11C9E99BAB516C7 /* Pods_TechCurationApp.framework in Frameworks */,
			);
			runOnlyForDeploymentPostprocessing = 0;
		};
/* End PBXFrameworksBuildPhase section */

/* Begin PBXGroup section */
		884B12D32931E8FE002A7BDB = {
			isa = PBXGroup;
			children = (
				884B12DE2931E8FE002A7BDB /* TechCurationApp */,
				884B12DD2931E8FE002A7BDB /* Products */,
				AEB7B267A0571317C8D2CE44 /* Pods */,
				D3BD2DE16A04BC84AADC17E6 /* Frameworks */,
			);
			sourceTree = "<group>";
		};
		884B12DD2931E8FE002A7BDB /* Products */ = {
			isa = PBXGroup;
			children = (
				884B12DC2931E8FE002A7BDB /* TechCurationApp.app */,
			);
			name = Products;
			sourceTree = "<group>";
		};
		884B12DE2931E8FE002A7BDB /* TechCurationApp */ = {
			isa = PBXGroup;
			children = (
				884B12DF2931E8FE002A7BDB /* TechCurationAppApp.swift */,
				884B12E12931E8FE002A7BDB /* ContentView.swift */,
				884B12E32931E8FF002A7BDB /* Assets.xcassets */,
				884B12E52931E8FF002A7BDB /* Preview Content */,
				884B12ED2931F969002A7BDB /* Settings.bundle */,
			);
			path = TechCurationApp;
			sourceTree = "<group>";
		};
		884B12E52931E8FF002A7BDB /* Preview Content */ = {
			isa = PBXGroup;
			children = (
				884B12E62931E8FF002A7BDB /* Preview Assets.xcassets */,
			);
			path = "Preview Content";
			sourceTree = "<group>";
		};
		AEB7B267A0571317C8D2CE44 /* Pods */ = {
			isa = PBXGroup;
			children = (
				CBB7A0DA31115AA5BAA00C33 /* Pods-TechCurationApp.debug.xcconfig */,
				29A58FDC175B2B4F42C212EA /* Pods-TechCurationApp.release.xcconfig */,
			);
			path = Pods;
			sourceTree = "<group>";
		};
		D3BD2DE16A04BC84AADC17E6 /* Frameworks */ = {
			isa = PBXGroup;
			children = (
				DC0B276C563B03D4B64C08B0 /* Pods_TechCurationApp.framework */,
			);
			name = Frameworks;
			sourceTree = "<group>";
		};
/* End PBXGroup section */

/* Begin PBXNativeTarget section */
		884B12DB2931E8FE002A7BDB /* TechCurationApp */ = {
			isa = PBXNativeTarget;
			buildConfigurationList = 884B12EA2931E8FF002A7BDB /* Build configuration list for PBXNativeTarget "TechCurationApp" */;
			buildPhases = (
				507DD61944D169DFE8739B84 /* [CP] Check Pods Manifest.lock */,
				884B12D82931E8FE002A7BDB /* Sources */,
				884B12D92931E8FE002A7BDB /* Frameworks */,
				884B12DA2931E8FE002A7BDB /* Resources */,
				884B12EF2931F9A7002A7BDB /* Run Script LicensePlist */,
			);
			buildRules = (
			);
			dependencies = (
			);
			name = TechCurationApp;
			productName = TechCurationApp;
			productReference = 884B12DC2931E8FE002A7BDB /* TechCurationApp.app */;
			productType = "com.apple.product-type.application";
		};
/* End PBXNativeTarget section */

/* Begin PBXProject section */
		884B12D42931E8FE002A7BDB /* Project object */ = {
			isa = PBXProject;
			attributes = {
				BuildIndependentTargetsInParallel = 1;
				LastSwiftUpdateCheck = 1410;
				LastUpgradeCheck = 1410;
				TargetAttributes = {
					884B12DB2931E8FE002A7BDB = {
						CreatedOnToolsVersion = 14.1;
					};
				};
			};
			buildConfigurationList = 884B12D72931E8FE002A7BDB /* Build configuration list for PBXProject "TechCurationApp" */;
			compatibilityVersion = "Xcode 14.0";
			developmentRegion = en;
			hasScannedForEncodings = 0;
			knownRegions = (
				en,
				Base,
			);
			mainGroup = 884B12D32931E8FE002A7BDB;
			productRefGroup = 884B12DD2931E8FE002A7BDB /* Products */;
			projectDirPath = "";
			projectRoot = "";
			targets = (
				884B12DB2931E8FE002A7BDB /* TechCurationApp */,
			);
		};
/* End PBXProject section */

/* Begin PBXResourcesBuildPhase section */
		884B12DA2931E8FE002A7BDB /* Resources */ = {
			isa = PBXResourcesBuildPhase;
			buildActionMask = 2147483647;
			files = (
				884B12E72931E8FF002A7BDB /* Preview Assets.xcassets in Resources */,
				884B12EE2931F969002A7BDB /* Settings.bundle in Resources */,
				884B12E42931E8FF002A7BDB /* Assets.xcassets in Resources */,
			);
			runOnlyForDeploymentPostprocessing = 0;
		};
/* End PBXResourcesBuildPhase section */

/* Begin PBXShellScriptBuildPhase section */
		507DD61944D169DFE8739B84 /* [CP] Check Pods Manifest.lock */ = {
			isa = PBXShellScriptBuildPhase;
			buildActionMask = 2147483647;
			files = (
			);
			inputFileListPaths = (
			);
			inputPaths = (
				"${PODS_PODFILE_DIR_PATH}/Podfile.lock",
				"${PODS_ROOT}/Manifest.lock",
			);
			name = "[CP] Check Pods Manifest.lock";
			outputFileListPaths = (
			);
			outputPaths = (
				"$(DERIVED_FILE_DIR)/Pods-TechCurationApp-checkManifestLockResult.txt",
			);
			runOnlyForDeploymentPostprocessing = 0;
			shellPath = /bin/sh;
			shellScript = "diff \"${PODS_PODFILE_DIR_PATH}/Podfile.lock\" \"${PODS_ROOT}/Manifest.lock\" > /dev/null\nif [ $? != 0 ] ; then\n    # print error to STDERR\n    echo \"error: The sandbox is not in sync with the Podfile.lock. Run 'pod install' or update your CocoaPods installation.\" >&2\n    exit 1\nfi\n# This output is used by Xcode 'outputs' to avoid re-running this script phase.\necho \"SUCCESS\" > \"${SCRIPT_OUTPUT_FILE_0}\"\n";
			showEnvVarsInLog = 0;
		};
		884B12EF2931F9A7002A7BDB /* Run Script LicensePlist */ = {
			isa = PBXShellScriptBuildPhase;
			alwaysOutOfDate = 1;
			buildActionMask = 2147483647;
			files = (
			);
			inputFileListPaths = (
			);
			inputPaths = (
			);
			name = "Run Script LicensePlist";
			outputFileListPaths = (
			);
			outputPaths = (
			);
			runOnlyForDeploymentPostprocessing = 0;
			shellPath = /bin/sh;
			shellScript = "sh Scripts/Licenseplist.sh\n";
		};
/* End PBXShellScriptBuildPhase section */

/* Begin PBXSourcesBuildPhase section */
		884B12D82931E8FE002A7BDB /* Sources */ = {
			isa = PBXSourcesBuildPhase;
			buildActionMask = 2147483647;
			files = (
				884B12E22931E8FE002A7BDB /* ContentView.swift in Sources */,
				884B12E02931E8FE002A7BDB /* TechCurationAppApp.swift in Sources */,
			);
			runOnlyForDeploymentPostprocessing = 0;
		};
/* End PBXSourcesBuildPhase section */

/* Begin XCBuildConfiguration section */
		884B12E82931E8FF002A7BDB /* Debug */ = {
			isa = XCBuildConfiguration;
			buildSettings = {
				ALWAYS_SEARCH_USER_PATHS = NO;
				CLANG_ANALYZER_NONNULL = YES;
				CLANG_ANALYZER_NUMBER_OBJECT_CONVERSION = YES_AGGRESSIVE;
				CLANG_CXX_LANGUAGE_STANDARD = "gnu++20";
				CLANG_ENABLE_MODULES = YES;
				CLANG_ENABLE_OBJC_ARC = YES;
				CLANG_ENABLE_OBJC_WEAK = YES;
				CLANG_WARN_BLOCK_CAPTURE_AUTORELEASING = YES;
				CLANG_WARN_BOOL_CONVERSION = YES;
				CLANG_WARN_COMMA = YES;
				CLANG_WARN_CONSTANT_CONVERSION = YES;
				CLANG_WARN_DEPRECATED_OBJC_IMPLEMENTATIONS = YES;
				CLANG_WARN_DIRECT_OBJC_ISA_USAGE = YES_ERROR;
				CLANG_WARN_DOCUMENTATION_COMMENTS = YES;
				CLANG_WARN_EMPTY_BODY = YES;
				CLANG_WARN_ENUM_CONVERSION = YES;
				CLANG_WARN_INFINITE_RECURSION = YES;
				CLANG_WARN_INT_CONVERSION = YES;
				CLANG_WARN_NON_LITERAL_NULL_CONVERSION = YES;
				CLANG_WARN_OBJC_IMPLICIT_RETAIN_SELF = YES;
				CLANG_WARN_OBJC_LITERAL_CONVERSION = YES;
				CLANG_WARN_OBJC_ROOT_CLASS = YES_ERROR;
				CLANG_WARN_QUOTED_INCLUDE_IN_FRAMEWORK_HEADER = YES;
				CLANG_WARN_RANGE_LOOP_ANALYSIS = YES;
				CLANG_WARN_STRICT_PROTOTYPES = YES;
				CLANG_WARN_SUSPICIOUS_MOVE = YES;
				CLANG_WARN_UNGUARDED_AVAILABILITY = YES_AGGRESSIVE;
				CLANG_WARN_UNREACHABLE_CODE = YES;
				CLANG_WARN__DUPLICATE_METHOD_MATCH = YES;
				COPY_PHASE_STRIP = NO;
				DEBUG_INFORMATION_FORMAT = dwarf;
				ENABLE_STRICT_OBJC_MSGSEND = YES;
				ENABLE_TESTABILITY = YES;
				GCC_C_LANGUAGE_STANDARD = gnu11;
				GCC_DYNAMIC_NO_PIC = NO;
				GCC_NO_COMMON_BLOCKS = YES;
				GCC_OPTIMIZATION_LEVEL = 0;
				GCC_PREPROCESSOR_DEFINITIONS = (
					"DEBUG=1",
					"$(inherited)",
				);
				GCC_WARN_64_TO_32_BIT_CONVERSION = YES;
				GCC_WARN_ABOUT_RETURN_TYPE = YES_ERROR;
				GCC_WARN_UNDECLARED_SELECTOR = YES;
				GCC_WARN_UNINITIALIZED_AUTOS = YES_AGGRESSIVE;
				GCC_WARN_UNUSED_FUNCTION = YES;
				GCC_WARN_UNUSED_VARIABLE = YES;
				IPHONEOS_DEPLOYMENT_TARGET = 16.1;
				MTL_ENABLE_DEBUG_INFO = INCLUDE_SOURCE;
				MTL_FAST_MATH = YES;
				ONLY_ACTIVE_ARCH = YES;
				SDKROOT = iphoneos;
				SWIFT_ACTIVE_COMPILATION_CONDITIONS = DEBUG;
				SWIFT_OPTIMIZATION_LEVEL = "-Onone";
			};
			name = Debug;
		};
		884B12E92931E8FF002A7BDB /* Release */ = {
			isa = XCBuildConfiguration;
			buildSettings = {
				ALWAYS_SEARCH_USER_PATHS = NO;
				CLANG_ANALYZER_NONNULL = YES;
				CLANG_ANALYZER_NUMBER_OBJECT_CONVERSION = YES_AGGRESSIVE;
				CLANG_CXX_LANGUAGE_STANDARD = "gnu++20";
				CLANG_ENABLE_MODULES = YES;
				CLANG_ENABLE_OBJC_ARC = YES;
				CLANG_ENABLE_OBJC_WEAK = YES;
				CLANG_WARN_BLOCK_CAPTURE_AUTORELEASING = YES;
				CLANG_WARN_BOOL_CONVERSION = YES;
				CLANG_WARN_COMMA = YES;
				CLANG_WARN_CONSTANT_CONVERSION = YES;
				CLANG_WARN_DEPRECATED_OBJC_IMPLEMENTATIONS = YES;
				CLANG_WARN_DIRECT_OBJC_ISA_USAGE = YES_ERROR;
				CLANG_WARN_DOCUMENTATION_COMMENTS = YES;
				CLANG_WARN_EMPTY_BODY = YES;
				CLANG_WARN_ENUM_CONVERSION = YES;
				CLANG_WARN_INFINITE_RECURSION = YES;
				CLANG_WARN_INT_CONVERSION = YES;
				CLANG_WARN_NON_LITERAL_NULL_CONVERSION = YES;
				CLANG_WARN_OBJC_IMPLICIT_RETAIN_SELF = YES;
				CLANG_WARN_OBJC_LITERAL_CONVERSION = YES;
				CLANG_WARN_OBJC_ROOT_CLASS = YES_ERROR;
				CLANG_WARN_QUOTED_INCLUDE_IN_FRAMEWORK_HEADER = YES;
				CLANG_WARN_RANGE_LOOP_ANALYSIS = YES;
				CLANG_WARN_STRICT_PROTOTYPES = YES;
				CLANG_WARN_SUSPICIOUS_MOVE = YES;
				CLANG_WARN_UNGUARDED_AVAILABILITY = YES_AGGRESSIVE;
				CLANG_WARN_UNREACHABLE_CODE = YES;
				CLANG_WARN__DUPLICATE_METHOD_MATCH = YES;
				COPY_PHASE_STRIP = NO;
				DEBUG_INFORMATION_FORMAT = "dwarf-with-dsym";
				ENABLE_NS_ASSERTIONS = NO;
				ENABLE_STRICT_OBJC_MSGSEND = YES;
				GCC_C_LANGUAGE_STANDARD = gnu11;
				GCC_NO_COMMON_BLOCKS = YES;
				GCC_WARN_64_TO_32_BIT_CONVERSION = YES;
				GCC_WARN_ABOUT_RETURN_TYPE = YES_ERROR;
				GCC_WARN_UNDECLARED_SELECTOR = YES;
				GCC_WARN_UNINITIALIZED_AUTOS = YES_AGGRESSIVE;
				GCC_WARN_UNUSED_FUNCTION = YES;
				GCC_WARN_UNUSED_VARIABLE = YES;
				IPHONEOS_DEPLOYMENT_TARGET = 16.1;
				MTL_ENABLE_DEBUG_INFO = NO;
				MTL_FAST_MATH = YES;
				SDKROOT = iphoneos;
				SWIFT_COMPILATION_MODE = wholemodule;
				SWIFT_OPTIMIZATION_LEVEL = "-O";
				VALIDATE_PRODUCT = YES;
			};
			name = Release;
		};
		884B12EB2931E8FF002A7BDB /* Debug */ = {
			isa = XCBuildConfiguration;
			baseConfigurationReference = CBB7A0DA31115AA5BAA00C33 /* Pods-TechCurationApp.debug.xcconfig */;
			buildSettings = {
				ASSETCATALOG_COMPILER_APPICON_NAME = AppIcon;
				ASSETCATALOG_COMPILER_GLOBAL_ACCENT_COLOR_NAME = AccentColor;
				CODE_SIGN_STYLE = Automatic;
				CURRENT_PROJECT_VERSION = 1;
				DEVELOPMENT_ASSET_PATHS = "\"TechCurationApp/Preview Content\"";
				DEVELOPMENT_TEAM = H2XW5KQ42M;
				ENABLE_PREVIEWS = YES;
				GENERATE_INFOPLIST_FILE = YES;
				INFOPLIST_KEY_UIApplicationSceneManifest_Generation = YES;
				INFOPLIST_KEY_UIApplicationSupportsIndirectInputEvents = YES;
				INFOPLIST_KEY_UILaunchScreen_Generation = YES;
				INFOPLIST_KEY_UISupportedInterfaceOrientations_iPad = "UIInterfaceOrientationPortrait UIInterfaceOrientationPortraitUpsideDown UIInterfaceOrientationLandscapeLeft UIInterfaceOrientationLandscapeRight";
				INFOPLIST_KEY_UISupportedInterfaceOrientations_iPhone = "UIInterfaceOrientationPortrait UIInterfaceOrientationLandscapeLeft UIInterfaceOrientationLandscapeRight";
				LD_RUNPATH_SEARCH_PATHS = (
					"$(inherited)",
					"@executable_path/Frameworks",
				);
				MARKETING_VERSION = 1.0;
				PRODUCT_BUNDLE_IDENTIFIER = jp.co.muramoto.TechCurationApp;
				PRODUCT_NAME = "$(TARGET_NAME)";
				SWIFT_EMIT_LOC_STRINGS = YES;
				SWIFT_VERSION = 5.0;
				TARGETED_DEVICE_FAMILY = "1,2";
			};
			name = Debug;
		};
		884B12EC2931E8FF002A7BDB /* Release */ = {
			isa = XCBuildConfiguration;
			baseConfigurationReference = 29A58FDC175B2B4F42C212EA /* Pods-TechCurationApp.release.xcconfig */;
			buildSettings = {
				ASSETCATALOG_COMPILER_APPICON_NAME = AppIcon;
				ASSETCATALOG_COMPILER_GLOBAL_ACCENT_COLOR_NAME = AccentColor;
				CODE_SIGN_STYLE = Automatic;
				CURRENT_PROJECT_VERSION = 1;
				DEVELOPMENT_ASSET_PATHS = "\"TechCurationApp/Preview Content\"";
				DEVELOPMENT_TEAM = H2XW5KQ42M;
				ENABLE_PREVIEWS = YES;
				GENERATE_INFOPLIST_FILE = YES;
				INFOPLIST_KEY_UIApplicationSceneManifest_Generation = YES;
				INFOPLIST_KEY_UIApplicationSupportsIndirectInputEvents = YES;
				INFOPLIST_KEY_UILaunchScreen_Generation = YES;
				INFOPLIST_KEY_UISupportedInterfaceOrientations_iPad = "UIInterfaceOrientationPortrait UIInterfaceOrientationPortraitUpsideDown UIInterfaceOrientationLandscapeLeft UIInterfaceOrientationLandscapeRight";
				INFOPLIST_KEY_UISupportedInterfaceOrientations_iPhone = "UIInterfaceOrientationPortrait UIInterfaceOrientationLandscapeLeft UIInterfaceOrientationLandscapeRight";
				LD_RUNPATH_SEARCH_PATHS = (
					"$(inherited)",
					"@executable_path/Frameworks",
				);
				MARKETING_VERSION = 1.0;
				PRODUCT_BUNDLE_IDENTIFIER = jp.co.muramoto.TechCurationApp;
				PRODUCT_NAME = "$(TARGET_NAME)";
				SWIFT_EMIT_LOC_STRINGS = YES;
				SWIFT_VERSION = 5.0;
				TARGETED_DEVICE_FAMILY = "1,2";
			};
			name = Release;
		};
/* End XCBuildConfiguration section */

/* Begin XCConfigurationList section */
		884B12D72931E8FE002A7BDB /* Build configuration list for PBXProject "TechCurationApp" */ = {
			isa = XCConfigurationList;
			buildConfigurations = (
				884B12E82931E8FF002A7BDB /* Debug */,
				884B12E92931E8FF002A7BDB /* Release */,
			);
			defaultConfigurationIsVisible = 0;
			defaultConfigurationName = Release;
		};
		884B12EA2931E8FF002A7BDB /* Build configuration list for PBXNativeTarget "TechCurationApp" */ = {
			isa = XCConfigurationList;
			buildConfigurations = (
				884B12EB2931E8FF002A7BDB /* Debug */,
				884B12EC2931E8FF002A7BDB /* Release */,
			);
			defaultConfigurationIsVisible = 0;
			defaultConfigurationName = Release;
		};
/* End XCConfigurationList section */
	};
	rootObject = 884B12D42931E8FE002A7BDB /* Project object */;
}
